
Microsoft Visual Studio Solution File, Format Version 12.00
# Visual Studio 14
VisualStudioVersion = 14.0.25420.1
MinimumVisualStudioVersion = 10.0.40219.1
Project("{FAE04EC0-301F-11D3-BF4B-00C04F79EFBC}") = "BowlingApplication", "BowlingApplication\BowlingApplication.csproj", "{CEDD0B6B-0FA9-4E12-B661-C07EE8C96A84}"
EndProject
Project("{FAE04EC0-301F-11D3-BF4B-00C04F79EFBC}") = "BowlingTest", "BowlingTest\BowlingTest.csproj", "{78F48B58-8C81-45E9-B826-2BDDF490B0D9}"
EndProject
Global
	GlobalSection(SolutionConfigurationPlatforms) = preSolution
		Debug|Any CPU = Debug|Any CPU
		Release|Any CPU = Release|Any CPU
	EndGlobalSection
	GlobalSection(ProjectConfigurationPlatforms) = postSolution
		{CEDD0B6B-0FA9-4E12-B661-C07EE8C96A84}.Debug|Any CPU.ActiveCfg = Debug|Any CPU
		{CEDD0B6B-0FA9-4E12-B661-C07EE8C96A84}.Debug|Any CPU.Build.0 = Debug|Any CPU
		{CEDD0B6B-0FA9-4E12-B661-C07EE8C96A84}.Release|Any CPU.ActiveCfg = Release|Any CPU
		{CEDD0B6B-0FA9-4E12-B661-C07EE8C96A84}.Release|Any CPU.Build.0 = Release|Any CPU
		{78F48B58-8C81-45E9-B826-2BDDF490B0D9}.Debug|Any CPU.ActiveCfg = Debug|Any CPU
		{78F48B58-8C81-45E9-B826-2BDDF490B0D9}.Debug|Any CPU.Build.0 = Debug|Any CPU
		{78F48B58-8C81-45E9-B826-2BDDF490B0D9}.Release|Any CPU.ActiveCfg = Release|Any CPU
		{78F48B58-8C81-45E9-B826-2BDDF490B0D9}.Release|Any CPU.Build.0 = Release|Any CPU
	EndGlobalSection
	GlobalSection(SolutionProperties) = preSolution
		HideSolutionNode = FALSE
	EndGlobalSection
EndGlobal
